{
  "name": "DSC",
  "lockfileVersion": 3,
  "requires": true,
  "packages": {
    "": {
      "dependencies": {
        "tree-sitter-cli": "^0.20.8"
      }
    },
    "node_modules/tree-sitter-cli": {
      "version": "0.20.8",
      "resolved": "https://registry.npmjs.org/tree-sitter-cli/-/tree-sitter-cli-0.20.8.tgz",
      "integrity": "sha512-XjTcS3wdTy/2cc/ptMLc/WRyOLECRYcMTrSWyhZnj1oGSOWbHLTklgsgRICU3cPfb0vy+oZCC33M43u6R1HSCA==",
      "hasInstallScript": true,
      "bin": {
        "tree-sitter": "cli.js"
      }
    }
  }
}
