{
  "name": "tree-sitter-dscexpression",
  "version": "0.0.1",
  "lockfileVersion": 3,
  "requires": true,
  "packages": {
    "": {
      "name": "tree-sitter-dscexpression",
      "version": "0.0.1",
      "hasInstallScript": true,
      "license": "MIT",
      "dependencies": {
        "node-addon-api": "^8.2.0",
        "node-gyp": "10.2.0",
        "node-gyp-build": "^4.8.2"
      },
      "devDependencies": {
        "gyp": "^0.3.0",
        "prebuildify": "^6.0.1",
        "tree-sitter-cli": "^0.24.3"
      },
      "peerDependencies": {
        "tree-sitter": "^0.21.0"
      },
      "peerDependenciesMeta": {
        "tree-sitter": {
          "optional": true
        }
      }
    },
    "node_modules/@isaacs/cliui": {
      "version": "8.0.2",
      "integrity": "sha1-s3Znt7wYHBaHgiWbq0JHT79StVA=",
      "license": "ISC",
      "dependencies": {
        "string-width": "^5.1.2",
        "string-width-cjs": "npm:string-width@^4.2.0",
        "strip-ansi": "^7.0.1",
        "strip-ansi-cjs": "npm:strip-ansi@^6.0.1",
        "wrap-ansi": "^8.1.0",
        "wrap-ansi-cjs": "npm:wrap-ansi@^7.0.0"
      },
      "engines": {
        "node": ">=12"
      }
    },
    "node_modules/@npmcli/agent": {
      "version": "2.2.2",
      "integrity": "sha1-lnYEkY5i9iCmSMeXVGHJyedPxdU=",
      "license": "ISC",
      "dependencies": {
        "agent-base": "^7.1.0",
        "http-proxy-agent": "^7.0.0",
        "https-proxy-agent": "^7.0.1",
        "lru-cache": "^10.0.1",
        "socks-proxy-agent": "^8.0.3"
      },
      "engines": {
        "node": "^16.14.0 || >=18.0.0"
      }
    },
    "node_modules/@npmcli/fs": {
      "version": "3.1.1",
      "integrity": "sha1-Wc2qWtypXRNfwA8rtT9XcVdc5yY=",
      "license": "ISC",
      "dependencies": {
        "semver": "^7.3.5"
      },
      "engines": {
        "node": "^14.17.0 || ^16.13.0 || >=18.0.0"
      }
    },
    "node_modules/@pkgjs/parseargs": {
      "version": "0.11.0",
      "integrity": "sha1-p36nQvqyV3UUVDTrHSMoz1ATrDM=",
      "license": "MIT",
      "optional": true,
      "engines": {
        "node": ">=14"
      }
    },
    "node_modules/abbrev": {
      "version": "2.0.0",
      "integrity": "sha1-z1mCm4tPA/id2idxy382U4KMib8=",
      "license": "ISC",
      "engines": {
        "node": "^14.17.0 || ^16.13.0 || >=18.0.0"
      }
    },
    "node_modules/agent-base": {
      "version": "7.1.1",
      "integrity": "sha1-vb3tffsJa3UaKgh+7rlmRyWy4xc=",
      "license": "MIT",
      "dependencies": {
        "debug": "^4.3.4"
      },
      "engines": {
        "node": ">= 14"
      }
    },
    "node_modules/aggregate-error": {
      "version": "3.1.0",
      "integrity": "sha1-kmcP9Q9TWb23o+DUDQ7DDFc3aHo=",
      "license": "MIT",
      "dependencies": {
        "clean-stack": "^2.0.0",
        "indent-string": "^4.0.0"
      },
      "engines": {
        "node": ">=8"
      }
    },
    "node_modules/ansi-regex": {
      "version": "6.1.0",
      "integrity": "sha1-lexAnGlhnWyxuLNPFLZg7yjr1lQ=",
      "license": "MIT",
      "engines": {
        "node": ">=12"
      },
      "funding": {
        "url": "https://github.com/chalk/ansi-regex?sponsor=1"
      }
    },
    "node_modules/ansi-styles": {
      "version": "6.2.1",
      "integrity": "sha1-DmIyDPmcIa//OzASGSVGqsv7BcU=",
      "license": "MIT",
      "engines": {
        "node": ">=12"
      },
      "funding": {
        "url": "https://github.com/chalk/ansi-styles?sponsor=1"
      }
    },
    "node_modules/balanced-match": {
      "version": "1.0.2",
      "integrity": "sha1-6D46fj8wCzTLnYf2FfoMvzV2kO4=",
      "license": "MIT"
    },
    "node_modules/base64-js": {
      "version": "1.5.1",
      "integrity": "sha1-GxtEAWClv3rUC2UPCVljSBkDkwo=",
      "dev": true,
      "funding": [
        {
          "type": "github",
          "url": "https://github.com/sponsors/feross"
        },
        {
          "type": "patreon",
          "url": "https://www.patreon.com/feross"
        },
        {
          "type": "consulting",
          "url": "https://feross.org/support"
        }
      ],
      "license": "MIT"
    },
    "node_modules/bl": {
      "version": "4.1.0",
      "integrity": "sha1-RRU1JkGCvsL7vIOmKrmM8R2fezo=",
      "dev": true,
      "license": "MIT",
      "dependencies": {
        "buffer": "^5.5.0",
        "inherits": "^2.0.4",
        "readable-stream": "^3.4.0"
      }
    },
    "node_modules/brace-expansion": {
      "version": "2.0.1",
      "integrity": "sha1-HtxFng8MVISG7Pn8mfIiE2S5oK4=",
      "license": "MIT",
      "dependencies": {
        "balanced-match": "^1.0.0"
      }
    },
    "node_modules/buffer": {
      "version": "5.7.1",
      "integrity": "sha1-umLnwTEzBTWCGXFghRqPZI6Z7tA=",
      "dev": true,
      "funding": [
        {
          "type": "github",
          "url": "https://github.com/sponsors/feross"
        },
        {
          "type": "patreon",
          "url": "https://www.patreon.com/feross"
        },
        {
          "type": "consulting",
          "url": "https://feross.org/support"
        }
      ],
      "license": "MIT",
      "dependencies": {
        "base64-js": "^1.3.1",
        "ieee754": "^1.1.13"
      }
    },
    "node_modules/cacache": {
      "version": "18.0.4",
      "integrity": "sha1-RgHXV42ttZxmBE4VfQKjMUaC1qU=",
      "license": "ISC",
      "dependencies": {
        "@npmcli/fs": "^3.1.0",
        "fs-minipass": "^3.0.0",
        "glob": "^10.2.2",
        "lru-cache": "^10.0.1",
        "minipass": "^7.0.3",
        "minipass-collect": "^2.0.1",
        "minipass-flush": "^1.0.5",
        "minipass-pipeline": "^1.2.4",
        "p-map": "^4.0.0",
        "ssri": "^10.0.0",
        "tar": "^6.1.11",
        "unique-filename": "^3.0.0"
      },
      "engines": {
        "node": "^16.14.0 || >=18.0.0"
      }
    },
    "node_modules/chownr": {
      "version": "2.0.0",
      "integrity": "sha1-Fb++U9LqtM9w8YqM1o6+Wzyx3s4=",
      "license": "ISC",
      "engines": {
        "node": ">=10"
      }
    },
    "node_modules/clean-stack": {
      "version": "2.2.0",
      "integrity": "sha1-7oRy27Ep5yezHooQpCfe6d/kAIs=",
      "license": "MIT",
      "engines": {
        "node": ">=6"
      }
    },
    "node_modules/coa": {
      "version": "0.3.9",
      "integrity": "sha1-fj0g0wr3C4CGLpXU1JtxUYO+lgQ=",
      "dev": true,
      "optional": true,
      "dependencies": {
        "q": "~0.8.10"
      },
      "engines": {
        "node": ">= 0.6.0"
      }
    },
    "node_modules/color-convert": {
      "version": "2.0.1",
      "integrity": "sha1-ctOmjVmMm9s68q0ehPIdiWq9TeM=",
      "license": "MIT",
      "dependencies": {
        "color-name": "~1.1.4"
      },
      "engines": {
        "node": ">=7.0.0"
      }
    },
    "node_modules/color-name": {
      "version": "1.1.4",
      "integrity": "sha1-wqCah6y95pVD3m9j+jmVyCbFNqI=",
      "license": "MIT"
    },
    "node_modules/cross-spawn": {
      "version": "7.0.3",
      "integrity": "sha1-9zqFudXUHQRVUcF34ogtSshXKKY=",
      "license": "MIT",
      "dependencies": {
        "path-key": "^3.1.0",
        "shebang-command": "^2.0.0",
        "which": "^2.0.1"
      },
      "engines": {
        "node": ">= 8"
      }
    },
    "node_modules/cross-spawn/node_modules/isexe": {
      "version": "2.0.0",
      "integrity": "sha1-6PvzdNxVb/iUehDcsFctYz8s+hA=",
      "license": "ISC"
    },
    "node_modules/cross-spawn/node_modules/which": {
      "version": "2.0.2",
      "integrity": "sha1-fGqN0KY2oDJ+ELWckobu6T8/UbE=",
      "license": "ISC",
      "dependencies": {
        "isexe": "^2.0.0"
      },
      "bin": {
        "node-which": "bin/node-which"
      },
      "engines": {
        "node": ">= 8"
      }
    },
    "node_modules/debug": {
      "version": "4.3.7",
      "integrity": "sha1-h5RbQVGgEddtlaGY1xEchlw2ClI=",
      "license": "MIT",
      "dependencies": {
        "ms": "^2.1.3"
      },
      "engines": {
        "node": ">=6.0"
      },
      "peerDependenciesMeta": {
        "supports-color": {
          "optional": true
        }
      }
    },
    "node_modules/eastasianwidth": {
      "version": "0.2.0",
      "integrity": "sha1-aWzi7Aqg5uqTo5f/zySqeEDIJ8s=",
      "license": "MIT"
    },
    "node_modules/emoji-regex": {
      "version": "9.2.2",
      "integrity": "sha1-hAyIA7DYBH9P8M+WMXazLU7z7XI=",
      "license": "MIT"
    },
    "node_modules/encoding": {
      "version": "0.1.13",
      "integrity": "sha1-VldK/deR9UqOmyeFwFgqLSYhD6k=",
      "license": "MIT",
      "optional": true,
      "dependencies": {
        "iconv-lite": "^0.6.2"
      }
    },
    "node_modules/end-of-stream": {
      "version": "1.4.4",
      "integrity": "sha1-WuZKX0UFe682JuwU2gyl5LJDHrA=",
      "dev": true,
      "license": "MIT",
      "dependencies": {
        "once": "^1.4.0"
      }
    },
    "node_modules/env-paths": {
      "version": "2.2.1",
      "integrity": "sha1-QgOZ1BbOH76bwKB8Yvpo1n/Q+PI=",
      "license": "MIT",
      "engines": {
        "node": ">=6"
      }
    },
    "node_modules/err-code": {
      "version": "2.0.3",
      "integrity": "sha1-I8Lzt1b/38YI0w4nyalBAkgH5/k=",
      "license": "MIT"
    },
    "node_modules/exponential-backoff": {
      "version": "3.1.1",
      "integrity": "sha1-ZKx1Jv40GrGKOQFs0ix4fQHgC/Y=",
      "license": "Apache-2.0"
    },
    "node_modules/foreground-child": {
      "version": "3.3.0",
      "integrity": "sha1-CshkTAbkMUOfhWHbjs8pp7VRnHc=",
      "license": "ISC",
      "dependencies": {
        "cross-spawn": "^7.0.0",
        "signal-exit": "^4.0.1"
      },
      "engines": {
        "node": ">=14"
      },
      "funding": {
        "url": "https://github.com/sponsors/isaacs"
      }
    },
    "node_modules/fs-constants": {
      "version": "1.0.0",
      "integrity": "sha1-a+Dem+mYzhavivwkSXue6bfM2a0=",
      "dev": true,
      "license": "MIT"
    },
    "node_modules/fs-minipass": {
      "version": "3.0.3",
      "integrity": "sha1-eahZgcTcEgBl6W9iCGv2+dwmzFQ=",
      "license": "ISC",
      "dependencies": {
        "minipass": "^7.0.3"
      },
      "engines": {
        "node": "^14.17.0 || ^16.13.0 || >=18.0.0"
      }
    },
    "node_modules/glob": {
      "version": "10.4.5",
      "integrity": "sha1-9NnwuQ/9urCcnXf18ptCYlF7CVY=",
      "license": "ISC",
      "dependencies": {
        "foreground-child": "^3.1.0",
        "jackspeak": "^3.1.2",
        "minimatch": "^9.0.4",
        "minipass": "^7.1.2",
        "package-json-from-dist": "^1.0.0",
        "path-scurry": "^1.11.1"
      },
      "bin": {
        "glob": "dist/esm/bin.mjs"
      },
      "funding": {
        "url": "https://github.com/sponsors/isaacs"
      }
    },
    "node_modules/graceful-fs": {
      "version": "4.2.11",
      "integrity": "sha1-QYPk6L8Iu24Fu7L30uDI9xLKQOM=",
      "license": "ISC"
    },
    "node_modules/gyp": {
      "version": "0.3.0",
      "integrity": "sha1-yru5/vB5YN6BzqRDb6kAF5cDkCo=",
      "dev": true,
      "license": "BSD",
      "dependencies": {
        "gyp-expansions": "0.0.x",
        "gyp-load": "0.0.x",
        "gyp-merge": "0.2.x"
      }
    },
    "node_modules/gyp-expansions": {
      "version": "0.0.2",
      "integrity": "sha1-5mQhpmpGGg0s84T4cA8X6xR4NnI=",
      "dev": true,
      "license": "BSD",
      "optionalDependencies": {
        "ometajs": "~3.2.4"
      }
    },
    "node_modules/gyp-load": {
      "version": "0.0.1",
      "integrity": "sha1-xBW4qmQ8gELO9jTTZcCOwZQtpEc=",
      "dev": true,
      "license": "BSD",
      "dependencies": {
        "gyp-merge": "0.2.0"
      }
    },
    "node_modules/gyp-load/node_modules/gyp-merge": {
      "version": "0.2.0",
      "integrity": "sha1-vCMJpwTp0E8PLj+0TZsPcvdiKwg=",
      "dev": true
    },
    "node_modules/gyp-merge": {
      "version": "0.2.1",
      "integrity": "sha1-0D0S1RKC97mbyoDjBZrKrOpDmYM=",
      "dev": true
    },
    "node_modules/http-cache-semantics": {
      "version": "4.1.1",
      "integrity": "sha1-q+AvyymFRgvwMjvmZENuw0dqbVo=",
      "license": "BSD-2-Clause"
    },
    "node_modules/http-proxy-agent": {
      "version": "7.0.2",
      "integrity": "sha1-mosfJGhmwChQlIZYX2K48sGMJw4=",
      "license": "MIT",
      "dependencies": {
        "agent-base": "^7.1.0",
        "debug": "^4.3.4"
      },
      "engines": {
        "node": ">= 14"
      }
    },
    "node_modules/https-proxy-agent": {
      "version": "7.0.5",
      "integrity": "sha1-notQE4cymeEfq2/VSEBdotbGArI=",
      "license": "MIT",
      "dependencies": {
        "agent-base": "^7.0.2",
        "debug": "4"
      },
      "engines": {
        "node": ">= 14"
      }
    },
    "node_modules/iconv-lite": {
      "version": "0.6.3",
      "integrity": "sha1-pS+AvzjaGVLrXGgXkHGYcaGnJQE=",
      "license": "MIT",
      "optional": true,
      "dependencies": {
        "safer-buffer": ">= 2.1.2 < 3.0.0"
      },
      "engines": {
        "node": ">=0.10.0"
      }
    },
    "node_modules/ieee754": {
      "version": "1.2.1",
      "integrity": "sha1-jrehCmP/8l0VpXsAFYbRd9Gw01I=",
      "dev": true,
      "funding": [
        {
          "type": "github",
          "url": "https://github.com/sponsors/feross"
        },
        {
          "type": "patreon",
          "url": "https://www.patreon.com/feross"
        },
        {
          "type": "consulting",
          "url": "https://feross.org/support"
        }
      ],
      "license": "BSD-3-Clause"
    },
    "node_modules/imurmurhash": {
      "version": "0.1.4",
      "integrity": "sha1-khi5srkoojixPcT7a21XbyMUU+o=",
      "license": "MIT",
      "engines": {
        "node": ">=0.8.19"
      }
    },
    "node_modules/indent-string": {
      "version": "4.0.0",
      "integrity": "sha1-Yk+PRJfWGbLZdoUx1Y9BIoVNclE=",
      "license": "MIT",
      "engines": {
        "node": ">=8"
      }
    },
    "node_modules/inherits": {
      "version": "2.0.4",
      "integrity": "sha1-D6LGT5MpF8NDOg3tVTY6rjdBa3w=",
      "dev": true,
      "license": "ISC"
    },
    "node_modules/ip-address": {
      "version": "9.0.5",
      "integrity": "sha1-EXqWCBmwh4DDvR8U7zwcwdPz6lo=",
      "license": "MIT",
      "dependencies": {
        "jsbn": "1.1.0",
        "sprintf-js": "^1.1.3"
      },
      "engines": {
        "node": ">= 12"
      }
    },
    "node_modules/is-fullwidth-code-point": {
      "version": "3.0.0",
      "integrity": "sha1-8Rb4Bk/pCz94RKOJl8C3UFEmnx0=",
      "license": "MIT",
      "engines": {
        "node": ">=8"
      }
    },
    "node_modules/is-lambda": {
      "version": "1.0.1",
      "integrity": "sha1-PZh3iZ5qU+/AFgUEzeFfgubwYdU=",
      "license": "MIT"
    },
    "node_modules/isexe": {
      "version": "3.1.1",
      "integrity": "sha1-SkB+K9eN37FL6gwnxvcHLd53Xw0=",
      "license": "ISC",
      "engines": {
        "node": ">=16"
      }
    },
    "node_modules/jackspeak": {
      "version": "3.4.3",
      "integrity": "sha1-iDOp2Jq0rN5hiJQr0cU7Y5DtWoo=",
      "license": "BlueOak-1.0.0",
      "dependencies": {
        "@isaacs/cliui": "^8.0.2"
      },
      "funding": {
        "url": "https://github.com/sponsors/isaacs"
      },
      "optionalDependencies": {
        "@pkgjs/parseargs": "^0.11.0"
      }
    },
    "node_modules/jsbn": {
      "version": "1.1.0",
      "integrity": "sha1-sBMHyym2GKHtJux56RH4A8TaAEA=",
      "license": "MIT"
    },
    "node_modules/lru-cache": {
      "version": "10.4.3",
      "integrity": "sha1-QQ/IoXtw5ZgBPfJXwkRrfzOD8Rk=",
      "license": "ISC"
    },
    "node_modules/make-fetch-happen": {
      "version": "13.0.1",
      "integrity": "sha1-Jzui949F4fOm3Kkc7eh9n6SCHjY=",
      "license": "ISC",
      "dependencies": {
        "@npmcli/agent": "^2.0.0",
        "cacache": "^18.0.0",
        "http-cache-semantics": "^4.1.1",
        "is-lambda": "^1.0.1",
        "minipass": "^7.0.2",
        "minipass-fetch": "^3.0.0",
        "minipass-flush": "^1.0.5",
        "minipass-pipeline": "^1.2.4",
        "negotiator": "^0.6.3",
        "proc-log": "^4.2.0",
        "promise-retry": "^2.0.1",
        "ssri": "^10.0.0"
      },
      "engines": {
        "node": "^16.14.0 || >=18.0.0"
      }
    },
    "node_modules/minimatch": {
      "version": "9.0.5",
      "integrity": "sha1-10+d1rV9g9jpjPuCEzsDl4vJKeU=",
      "license": "ISC",
      "dependencies": {
        "brace-expansion": "^2.0.1"
      },
      "engines": {
        "node": ">=16 || 14 >=14.17"
      },
      "funding": {
        "url": "https://github.com/sponsors/isaacs"
      }
    },
    "node_modules/minimist": {
      "version": "1.2.8",
      "integrity": "sha1-waRk52kzAuCCoHXO4MBXdBrEdyw=",
      "dev": true,
      "license": "MIT",
      "funding": {
        "url": "https://github.com/sponsors/ljharb"
      }
    },
    "node_modules/minipass": {
      "version": "7.1.2",
      "integrity": "sha1-k6libOXl5mvU24aEnnUV6SNApwc=",
      "license": "ISC",
      "engines": {
        "node": ">=16 || 14 >=14.17"
      }
    },
    "node_modules/minipass-collect": {
      "version": "2.0.1",
      "integrity": "sha1-FiG8d+EiWKEsYNNOInbsXCBoCGM=",
      "license": "ISC",
      "dependencies": {
        "minipass": "^7.0.3"
      },
      "engines": {
        "node": ">=16 || 14 >=14.17"
      }
    },
    "node_modules/minipass-fetch": {
      "version": "3.0.5",
      "integrity": "sha1-8Pl+QFgK/8SjXMShNJ8FrjbLHkw=",
      "license": "MIT",
      "dependencies": {
        "minipass": "^7.0.3",
        "minipass-sized": "^1.0.3",
        "minizlib": "^2.1.2"
      },
      "engines": {
        "node": "^14.17.0 || ^16.13.0 || >=18.0.0"
      },
      "optionalDependencies": {
        "encoding": "^0.1.13"
      }
    },
    "node_modules/minipass-flush": {
      "version": "1.0.5",
      "integrity": "sha1-gucTXX6JpQ/+ZGEKeHlTxMTLs3M=",
      "license": "ISC",
      "dependencies": {
        "minipass": "^3.0.0"
      },
      "engines": {
        "node": ">= 8"
      }
    },
    "node_modules/minipass-flush/node_modules/minipass": {
      "version": "3.3.6",
      "integrity": "sha1-e7o4TbOhUg0YycDlJRw0ROld2Uo=",
      "license": "ISC",
      "dependencies": {
        "yallist": "^4.0.0"
      },
      "engines": {
        "node": ">=8"
      }
    },
    "node_modules/minipass-pipeline": {
      "version": "1.2.4",
      "integrity": "sha1-aEcveXEcCEZXwGfFxq2Tzd6oIUw=",
      "license": "ISC",
      "dependencies": {
        "minipass": "^3.0.0"
      },
      "engines": {
        "node": ">=8"
      }
    },
    "node_modules/minipass-pipeline/node_modules/minipass": {
      "version": "3.3.6",
      "integrity": "sha1-e7o4TbOhUg0YycDlJRw0ROld2Uo=",
      "license": "ISC",
      "dependencies": {
        "yallist": "^4.0.0"
      },
      "engines": {
        "node": ">=8"
      }
    },
    "node_modules/minipass-sized": {
      "version": "1.0.3",
      "integrity": "sha1-cO5afFBSBwr6z7wil36nne81O3A=",
      "license": "ISC",
      "dependencies": {
        "minipass": "^3.0.0"
      },
      "engines": {
        "node": ">=8"
      }
    },
    "node_modules/minipass-sized/node_modules/minipass": {
      "version": "3.3.6",
      "integrity": "sha1-e7o4TbOhUg0YycDlJRw0ROld2Uo=",
      "license": "ISC",
      "dependencies": {
        "yallist": "^4.0.0"
      },
      "engines": {
        "node": ">=8"
      }
    },
    "node_modules/minizlib": {
      "version": "2.1.2",
      "integrity": "sha1-6Q00Zrogm5MkUVCKEc49NjIUWTE=",
      "license": "MIT",
      "dependencies": {
        "minipass": "^3.0.0",
        "yallist": "^4.0.0"
      },
      "engines": {
        "node": ">= 8"
      }
    },
    "node_modules/minizlib/node_modules/minipass": {
      "version": "3.3.6",
      "integrity": "sha1-e7o4TbOhUg0YycDlJRw0ROld2Uo=",
      "license": "ISC",
      "dependencies": {
        "yallist": "^4.0.0"
      },
      "engines": {
        "node": ">=8"
      }
    },
    "node_modules/mkdirp": {
      "version": "1.0.4",
      "integrity": "sha1-PrXtYmInVteaXw4qIh3+utdcL34=",
      "license": "MIT",
      "bin": {
        "mkdirp": "bin/cmd.js"
      },
      "engines": {
        "node": ">=10"
      }
    },
    "node_modules/mkdirp-classic": {
      "version": "0.5.3",
      "integrity": "sha1-+hDJEVzG2IZb4iG6R+6b7XhgERM=",
      "dev": true,
      "license": "MIT"
    },
    "node_modules/ms": {
      "version": "2.1.3",
      "integrity": "sha1-V0yBOM4dK1hh8LRFedut1gxmFbI=",
      "license": "MIT"
    },
    "node_modules/negotiator": {
      "version": "0.6.3",
      "integrity": "sha1-WOMjpy/twNb5zU0x/kn1FHlZDM0=",
      "license": "MIT",
      "engines": {
        "node": ">= 0.6"
      }
    },
    "node_modules/node-abi": {
      "version": "3.68.0",
      "integrity": "sha1-jzf7Auz09D6+aUCQ3LUuDEzEuiU=",
      "dev": true,
      "license": "MIT",
      "dependencies": {
        "semver": "^7.3.5"
      },
      "engines": {
        "node": ">=10"
      }
    },
    "node_modules/node-addon-api": {
      "version": "8.2.0",
      "integrity": "sha1-rZLKzsyGg0MEBT/QCJ9xi3L/TmU=",
      "license": "MIT",
      "engines": {
        "node": "^18 || ^20 || >= 21"
      }
    },
    "node_modules/node-gyp": {
      "version": "10.2.0",
      "integrity": "sha1-gBAcSqT3qyJfE/zI2qqsTrGo3YY=",
      "license": "MIT",
      "dependencies": {
        "env-paths": "^2.2.0",
        "exponential-backoff": "^3.1.1",
        "glob": "^10.3.10",
        "graceful-fs": "^4.2.6",
        "make-fetch-happen": "^13.0.0",
        "nopt": "^7.0.0",
        "proc-log": "^4.1.0",
        "semver": "^7.3.5",
        "tar": "^6.2.1",
        "which": "^4.0.0"
      },
      "bin": {
        "node-gyp": "bin/node-gyp.js"
      },
      "engines": {
        "node": "^16.14.0 || >=18.0.0"
      }
    },
    "node_modules/node-gyp-build": {
      "version": "4.8.2",
      "integrity": "sha1-T4ArccGrLKFq+DDmwep90a2Ulvo=",
      "license": "MIT",
      "bin": {
        "node-gyp-build": "bin.js",
        "node-gyp-build-optional": "optional.js",
        "node-gyp-build-test": "build-test.js"
      }
    },
    "node_modules/nopt": {
      "version": "7.2.1",
      "integrity": "sha1-HKwOq5uOl8kJMzhEbt3UCyyMoec=",
      "license": "ISC",
      "dependencies": {
        "abbrev": "^2.0.0"
      },
      "bin": {
        "nopt": "bin/nopt.js"
      },
      "engines": {
        "node": "^14.17.0 || ^16.13.0 || >=18.0.0"
      }
    },
    "node_modules/npm-run-path": {
      "version": "3.1.0",
      "integrity": "sha1-f5G+MX9qRm7+08nymArYpO6LD6U=",
      "dev": true,
      "license": "MIT",
      "dependencies": {
        "path-key": "^3.0.0"
      },
      "engines": {
        "node": ">=8"
      }
    },
    "node_modules/ometajs": {
      "version": "3.2.4",
      "integrity": "sha1-gHzfTA6N8XJ/Ikym2x+qxD6L2rE=",
      "dev": true,
      "optional": true,
      "dependencies": {
        "coa": "0.3.x",
        "q": "0.8.x",
        "uglify-js": "1.3.x"
      },
      "bin": {
        "ometajs2js": "bin/ometajs2js"
      },
      "engines": {
        "node": ">=0.4.0"
      }
    },
    "node_modules/once": {
      "version": "1.4.0",
      "integrity": "sha1-WDsap3WWHUsROsF9nFC6753Xa9E=",
      "dev": true,
      "license": "ISC",
      "dependencies": {
        "wrappy": "1"
      }
    },
    "node_modules/p-map": {
      "version": "4.0.0",
      "integrity": "sha1-uy+Vpe2i7BaOySdOBqdHw+KQTSs=",
      "license": "MIT",
      "dependencies": {
        "aggregate-error": "^3.0.0"
      },
      "engines": {
        "node": ">=10"
      },
      "funding": {
        "url": "https://github.com/sponsors/sindresorhus"
      }
    },
    "node_modules/package-json-from-dist": {
      "version": "1.0.1",
      "integrity": "sha1-TxRxoBCCeob5TP2bByfjbSZ95QU=",
      "license": "BlueOak-1.0.0"
    },
    "node_modules/path-key": {
      "version": "3.1.1",
      "integrity": "sha1-WB9q3mWMu6ZaDTOA3ndTKVBU83U=",
      "license": "MIT",
      "engines": {
        "node": ">=8"
      }
    },
    "node_modules/path-scurry": {
      "version": "1.11.1",
      "integrity": "sha1-eWCmaIiFlKByCxKpEdGnQqufEdI=",
      "license": "BlueOak-1.0.0",
      "dependencies": {
        "lru-cache": "^10.2.0",
        "minipass": "^5.0.0 || ^6.0.2 || ^7.0.0"
      },
      "engines": {
        "node": ">=16 || 14 >=14.18"
      },
      "funding": {
        "url": "https://github.com/sponsors/isaacs"
      }
    },
    "node_modules/prebuildify": {
      "version": "6.0.1",
      "integrity": "sha1-ZVdG+R/JW2hhBhWJhnhTbdMDzQM=",
      "dev": true,
      "license": "MIT",
      "dependencies": {
        "minimist": "^1.2.5",
        "mkdirp-classic": "^0.5.3",
        "node-abi": "^3.3.0",
        "npm-run-path": "^3.1.0",
        "pump": "^3.0.0",
        "tar-fs": "^2.1.0"
      },
      "bin": {
        "prebuildify": "bin.js"
      }
    },
    "node_modules/proc-log": {
      "version": "4.2.0",
      "integrity": "sha1-tvRh5AJudf3+IosmXp96AHedcDQ=",
      "license": "ISC",
      "engines": {
        "node": "^14.17.0 || ^16.13.0 || >=18.0.0"
      }
    },
    "node_modules/promise-retry": {
      "version": "2.0.1",
      "integrity": "sha1-/3R6E2IKtXumiPX8Z4VUEMNw2iI=",
      "license": "MIT",
      "dependencies": {
        "err-code": "^2.0.2",
        "retry": "^0.12.0"
      },
      "engines": {
        "node": ">=10"
      }
    },
    "node_modules/pump": {
      "version": "3.0.2",
      "integrity": "sha1-g28+3WvC7lmSVskk/+DYhXPdy/g=",
      "dev": true,
      "license": "MIT",
      "dependencies": {
        "end-of-stream": "^1.1.0",
        "once": "^1.3.1"
      }
    },
    "node_modules/q": {
      "version": "0.8.12",
      "integrity": "sha1-kWKpHhGBnEvNp9oVz1/vqtB3iCM=",
      "dev": true,
      "optional": true,
      "engines": {
        "node": ">=0.6.0",
        "teleport": ">=0.2.0"
      }
    },
    "node_modules/readable-stream": {
      "version": "3.6.2",
      "integrity": "sha1-VqmzbqllwAxak+8x6xEaDxEFaWc=",
      "dev": true,
      "license": "MIT",
      "dependencies": {
        "inherits": "^2.0.3",
        "string_decoder": "^1.1.1",
        "util-deprecate": "^1.0.1"
      },
      "engines": {
        "node": ">= 6"
      }
    },
    "node_modules/retry": {
      "version": "0.12.0",
      "integrity": "sha1-G0KmJmoh8HQh0bC1S33BZ7AcATs=",
      "license": "MIT",
      "engines": {
        "node": ">= 4"
      }
    },
    "node_modules/safe-buffer": {
      "version": "5.2.1",
      "integrity": "sha1-Hq+fqb2x/dTsdfWPnNtOa3gn7sY=",
      "dev": true,
      "funding": [
        {
          "type": "github",
          "url": "https://github.com/sponsors/feross"
        },
        {
          "type": "patreon",
          "url": "https://www.patreon.com/feross"
        },
        {
          "type": "consulting",
          "url": "https://feross.org/support"
        }
      ],
      "license": "MIT"
    },
    "node_modules/safer-buffer": {
      "version": "2.1.2",
      "integrity": "sha1-RPoWGwGHuVSd2Eu5GAL5vYOFzWo=",
      "license": "MIT",
      "optional": true
    },
    "node_modules/semver": {
      "version": "7.6.3",
      "integrity": "sha1-mA97VVC8F1+03AlAMIVif56zMUM=",
      "license": "ISC",
      "bin": {
        "semver": "bin/semver.js"
      },
      "engines": {
        "node": ">=10"
      }
    },
    "node_modules/shebang-command": {
      "version": "2.0.0",
      "integrity": "sha1-zNCvT4g1+9wmW4JGGq8MNmY/NOo=",
      "license": "MIT",
      "dependencies": {
        "shebang-regex": "^3.0.0"
      },
      "engines": {
        "node": ">=8"
      }
    },
    "node_modules/shebang-regex": {
      "version": "3.0.0",
      "integrity": "sha1-rhbxZE2HPsrYQ7AwexQzYtTEIXI=",
      "license": "MIT",
      "engines": {
        "node": ">=8"
      }
    },
    "node_modules/signal-exit": {
      "version": "4.1.0",
      "integrity": "sha1-lSGIwcvVRgcOLdIND0HArgUwywQ=",
      "license": "ISC",
      "engines": {
        "node": ">=14"
      },
      "funding": {
        "url": "https://github.com/sponsors/isaacs"
      }
    },
    "node_modules/smart-buffer": {
      "version": "4.2.0",
      "integrity": "sha1-bh1x+k8YwF99D/IW3RakgdDo2a4=",
      "license": "MIT",
      "engines": {
        "node": ">= 6.0.0",
        "npm": ">= 3.0.0"
      }
    },
    "node_modules/socks": {
      "version": "2.8.3",
      "integrity": "sha1-Hr0PCcUrqVoJdQr+Pz+fckqADLU=",
      "license": "MIT",
      "dependencies": {
        "ip-address": "^9.0.5",
        "smart-buffer": "^4.2.0"
      },
      "engines": {
        "node": ">= 10.0.0",
        "npm": ">= 3.0.0"
      }
    },
    "node_modules/socks-proxy-agent": {
      "version": "8.0.4",
      "integrity": "sha1-kHHcoXr5X0gzADFvSwY1ePoNsIw=",
      "license": "MIT",
      "dependencies": {
        "agent-base": "^7.1.1",
        "debug": "^4.3.4",
        "socks": "^2.8.3"
      },
      "engines": {
        "node": ">= 14"
      }
    },
    "node_modules/sprintf-js": {
      "version": "1.1.3",
      "integrity": "sha1-SRS5A6L4toXRf994pw6RfocuREo=",
      "license": "BSD-3-Clause"
    },
    "node_modules/ssri": {
      "version": "10.0.6",
      "integrity": "sha1-qKreLeYLorzoaI4/o0m60Fx9weU=",
      "license": "ISC",
      "dependencies": {
        "minipass": "^7.0.3"
      },
      "engines": {
        "node": "^14.17.0 || ^16.13.0 || >=18.0.0"
      }
    },
    "node_modules/string_decoder": {
      "version": "1.3.0",
      "integrity": "sha1-QvEUWUpGzxqOMLCoT1bHjD7awh4=",
      "dev": true,
      "license": "MIT",
      "dependencies": {
        "safe-buffer": "~5.2.0"
      }
    },
    "node_modules/string-width": {
      "version": "5.1.2",
      "integrity": "sha1-FPja7G2B5yIdKjV+Zoyrc728p5Q=",
      "license": "MIT",
      "dependencies": {
        "eastasianwidth": "^0.2.0",
        "emoji-regex": "^9.2.2",
        "strip-ansi": "^7.0.1"
      },
      "engines": {
        "node": ">=12"
      },
      "funding": {
        "url": "https://github.com/sponsors/sindresorhus"
      }
    },
    "node_modules/string-width-cjs": {
      "name": "string-width",
      "version": "4.2.3",
      "integrity": "sha1-JpxxF9J7Ba0uU2gwqOyJXvnG0BA=",
      "license": "MIT",
      "dependencies": {
        "emoji-regex": "^8.0.0",
        "is-fullwidth-code-point": "^3.0.0",
        "strip-ansi": "^6.0.1"
      },
      "engines": {
        "node": ">=8"
      }
    },
    "node_modules/string-width-cjs/node_modules/ansi-regex": {
      "version": "5.0.1",
      "integrity": "sha1-CCyyyJyf6GWaMRpTvWpNxTAdswQ=",
      "license": "MIT",
      "engines": {
        "node": ">=8"
      }
    },
    "node_modules/string-width-cjs/node_modules/emoji-regex": {
      "version": "8.0.0",
      "integrity": "sha1-6Bj9ac5cz8tARZT4QpY79TFkzDc=",
      "license": "MIT"
    },
    "node_modules/string-width-cjs/node_modules/strip-ansi": {
      "version": "6.0.1",
      "integrity": "sha1-nibGPTD1NEPpSJSVshBdN7Z6hdk=",
      "license": "MIT",
      "dependencies": {
        "ansi-regex": "^5.0.1"
      },
      "engines": {
        "node": ">=8"
      }
    },
    "node_modules/strip-ansi": {
      "version": "7.1.0",
      "integrity": "sha1-1bZWjKaJ2FYTcLBwdoXSJDT6/0U=",
      "license": "MIT",
      "dependencies": {
        "ansi-regex": "^6.0.1"
      },
      "engines": {
        "node": ">=12"
      },
      "funding": {
        "url": "https://github.com/chalk/strip-ansi?sponsor=1"
      }
    },
    "node_modules/strip-ansi-cjs": {
      "name": "strip-ansi",
      "version": "6.0.1",
      "integrity": "sha1-nibGPTD1NEPpSJSVshBdN7Z6hdk=",
      "license": "MIT",
      "dependencies": {
        "ansi-regex": "^5.0.1"
      },
      "engines": {
        "node": ">=8"
      }
    },
    "node_modules/strip-ansi-cjs/node_modules/ansi-regex": {
      "version": "5.0.1",
      "integrity": "sha1-CCyyyJyf6GWaMRpTvWpNxTAdswQ=",
      "license": "MIT",
      "engines": {
        "node": ">=8"
      }
    },
    "node_modules/tar": {
      "version": "6.2.1",
      "integrity": "sha1-cXVJxUG8PCrxV1G+qUsd0GjUsDo=",
      "license": "ISC",
      "dependencies": {
        "chownr": "^2.0.0",
        "fs-minipass": "^2.0.0",
        "minipass": "^5.0.0",
        "minizlib": "^2.1.1",
        "mkdirp": "^1.0.3",
        "yallist": "^4.0.0"
      },
      "engines": {
        "node": ">=10"
      }
    },
    "node_modules/tar-fs": {
      "version": "2.1.1",
      "integrity": "sha1-SJoVq4Xx8L76uzcLfeT561y+h4Q=",
      "dev": true,
      "license": "MIT",
      "dependencies": {
        "chownr": "^1.1.1",
        "mkdirp-classic": "^0.5.2",
        "pump": "^3.0.0",
        "tar-stream": "^2.1.4"
      }
    },
    "node_modules/tar-fs/node_modules/chownr": {
      "version": "1.1.4",
      "integrity": "sha1-b8nXtC0ypYNZYzdmbn0ICE2izGs=",
      "dev": true,
      "license": "ISC"
    },
    "node_modules/tar-stream": {
      "version": "2.2.0",
      "integrity": "sha1-rK2EwoQTawYNw/qmRHSqmuvXcoc=",
      "dev": true,
      "license": "MIT",
      "dependencies": {
        "bl": "^4.0.3",
        "end-of-stream": "^1.4.1",
        "fs-constants": "^1.0.0",
        "inherits": "^2.0.3",
        "readable-stream": "^3.1.1"
      },
      "engines": {
        "node": ">=6"
      }
    },
    "node_modules/tar/node_modules/fs-minipass": {
      "version": "2.1.0",
      "integrity": "sha1-f1A2/b8SxjwWkZDL5BmchSJx+fs=",
      "license": "ISC",
      "dependencies": {
        "minipass": "^3.0.0"
      },
      "engines": {
        "node": ">= 8"
      }
    },
    "node_modules/tar/node_modules/fs-minipass/node_modules/minipass": {
      "version": "3.3.6",
      "integrity": "sha1-e7o4TbOhUg0YycDlJRw0ROld2Uo=",
      "license": "ISC",
      "dependencies": {
        "yallist": "^4.0.0"
      },
      "engines": {
        "node": ">=8"
      }
    },
    "node_modules/tar/node_modules/minipass": {
      "version": "5.0.0",
      "integrity": "sha1-PpeI/7kLaUpdDslEeaRbXYc4Ez0=",
      "license": "ISC",
      "engines": {
        "node": ">=8"
      }
    },
    "node_modules/tree-sitter-cli": {
      "version": "0.24.3",
      "integrity": "sha1-MNo4Ro7DJ/iLXM9bhiuFcGiJYhA=",
      "dev": true,
      "hasInstallScript": true,
      "license": "MIT",
      "bin": {
        "tree-sitter": "cli.js"
      },
      "engines": {
        "node": ">=12.0.0"
      }
    },
    "node_modules/uglify-js": {
      "version": "1.3.5",
      "integrity": "sha1-S1v/+Rhu/7qoiOTJ6UvZ/EyUkp0=",
      "dev": true,
      "optional": true,
      "bin": {
        "uglifyjs": "bin/uglifyjs"
      }
    },
    "node_modules/unique-filename": {
      "version": "3.0.0",
      "integrity": "sha1-SLp6WhaEn1CA0mx2DIbPXPBXcOo=",
      "license": "ISC",
      "dependencies": {
        "unique-slug": "^4.0.0"
      },
      "engines": {
        "node": "^14.17.0 || ^16.13.0 || >=18.0.0"
      }
    },
    "node_modules/unique-slug": {
      "version": "4.0.0",
      "integrity": "sha1-a65rsWvpE1G63STNznQfiSplMuM=",
      "license": "ISC",
      "dependencies": {
        "imurmurhash": "^0.1.4"
      },
      "engines": {
        "node": "^14.17.0 || ^16.13.0 || >=18.0.0"
      }
    },
    "node_modules/util-deprecate": {
      "version": "1.0.2",
      "integrity": "sha1-RQ1Nyfpw3nMnYvvS1KKJgUGaDM8=",
      "dev": true,
      "license": "MIT"
    },
    "node_modules/which": {
      "version": "4.0.0",
      "integrity": "sha1-zWC150UDo/vPv2zWtBOKi65kTBo=",
      "license": "ISC",
      "dependencies": {
        "isexe": "^3.1.1"
      },
      "bin": {
        "node-which": "bin/which.js"
      },
      "engines": {
        "node": "^16.13.0 || >=18.0.0"
      }
    },
    "node_modules/wrap-ansi": {
      "version": "8.1.0",
      "integrity": "sha1-VtwiNo7lcPrOG0mBmXXZuaXq0hQ=",
      "license": "MIT",
      "dependencies": {
        "ansi-styles": "^6.1.0",
        "string-width": "^5.0.1",
        "strip-ansi": "^7.0.1"
      },
      "engines": {
        "node": ">=12"
      },
      "funding": {
        "url": "https://github.com/chalk/wrap-ansi?sponsor=1"
      }
    },
    "node_modules/wrap-ansi-cjs": {
      "name": "wrap-ansi",
      "version": "7.0.0",
      "integrity": "sha1-Z+FFz/UQpqaYS98RUpEdadLrnkM=",
      "license": "MIT",
      "dependencies": {
        "ansi-styles": "^4.0.0",
        "string-width": "^4.1.0",
        "strip-ansi": "^6.0.0"
      },
      "engines": {
        "node": ">=10"
      },
      "funding": {
        "url": "https://github.com/chalk/wrap-ansi?sponsor=1"
      }
    },
    "node_modules/wrap-ansi-cjs/node_modules/ansi-regex": {
      "version": "5.0.1",
      "integrity": "sha1-CCyyyJyf6GWaMRpTvWpNxTAdswQ=",
      "license": "MIT",
      "engines": {
        "node": ">=8"
      }
    },
    "node_modules/wrap-ansi-cjs/node_modules/ansi-styles": {
      "version": "4.3.0",
      "integrity": "sha1-7dgDYornHATIWuegkG7a00tkiTc=",
      "license": "MIT",
      "dependencies": {
        "color-convert": "^2.0.1"
      },
      "engines": {
        "node": ">=8"
      },
      "funding": {
        "url": "https://github.com/chalk/ansi-styles?sponsor=1"
      }
    },
    "node_modules/wrap-ansi-cjs/node_modules/emoji-regex": {
      "version": "8.0.0",
      "integrity": "sha1-6Bj9ac5cz8tARZT4QpY79TFkzDc=",
      "license": "MIT"
    },
    "node_modules/wrap-ansi-cjs/node_modules/string-width": {
      "version": "4.2.3",
      "integrity": "sha1-JpxxF9J7Ba0uU2gwqOyJXvnG0BA=",
      "license": "MIT",
      "dependencies": {
        "emoji-regex": "^8.0.0",
        "is-fullwidth-code-point": "^3.0.0",
        "strip-ansi": "^6.0.1"
      },
      "engines": {
        "node": ">=8"
      }
    },
    "node_modules/wrap-ansi-cjs/node_modules/strip-ansi": {
      "version": "6.0.1",
      "integrity": "sha1-nibGPTD1NEPpSJSVshBdN7Z6hdk=",
      "license": "MIT",
      "dependencies": {
        "ansi-regex": "^5.0.1"
      },
      "engines": {
        "node": ">=8"
      }
    },
    "node_modules/wrappy": {
      "version": "1.0.2",
      "integrity": "sha1-tSQ9jz7BqjXxNkYFvA0QNuMKtp8=",
      "dev": true,
      "license": "ISC"
    },
    "node_modules/yallist": {
      "version": "4.0.0",
      "integrity": "sha1-m7knkNnA7/7GO+c1GeEaNQGaOnI=",
      "license": "ISC"
    }
  }
}
